
Microsoft Visual Studio Solution File, Format Version 12.00
# Visual Studio Version 17
VisualStudioVersion = 17.0.31717.71
MinimumVisualStudioVersion = 10.0.40219.1
Project("{8BC9CEB8-8B4A-11D0-8D11-00A0C91BC942}") = "RubixCube", "RubixCube.vcxproj", "{EBF3B0C8-EA30-4091-ACF2-5F955DB9BBE0}"
EndProject
Global
	GlobalSection(SolutionConfigurationPlatforms) = preSolution
		Debug|x64 = Debug|x64
		Release|x64 = Release|x64
	EndGlobalSection
	GlobalSection(ProjectConfigurationPlatforms) = postSolution
		{EBF3B0C8-EA30-4091-ACF2-5F955DB9BBE0}.Debug|x64.ActiveCfg = Debug|x64
		{EBF3B0C8-EA30-4091-ACF2-5F955DB9BBE0}.Debug|x64.Build.0 = Debug|x64
		{EBF3B0C8-EA30-4091-ACF2-5F955DB9BBE0}.Release|x64.ActiveCfg = Release|x64
		{EBF3B0C8-EA30-4091-ACF2-5F955DB9BBE0}.Release|x64.Build.0 = Release|x64
	EndGlobalSection
	GlobalSection(SolutionProperties) = preSolution
		HideSolutionNode = FALSE
	EndGlobalSection
	GlobalSection(ExtensibilityGlobals) = postSolution
		SolutionGuid = {24B51E2B-F8B6-4144-BF99-1F4655FAD1FE}
	EndGlobalSection
EndGlobal
